{
  "nodes": {
    "home-manager": {
      "inputs": {
        "nixpkgs": [
          "nixpkgs"
        ]
      },
      "locked": {
        "lastModified": 1762178366,
        "narHash": "sha256-I+8yE5HVR2SFcHnW0771psQ/zn0qVzsKHY/gUM0nEVM=",
        "owner": "nix-community",
        "repo": "home-manager",
        "rev": "8c824254b1ed9e797f6235fc3c62f365893c561a",
        "type": "github"
      },
      "original": {
        "owner": "nix-community",
        "repo": "home-manager",
        "type": "github"
      }
    },
    "nixpkgs": {
      "locked": {
        "lastModified": 1762156382,
        "narHash": "sha256-Yg7Ag7ov5+36jEFC1DaZh/12SEXo6OO3/8rqADRxiqs=",
        "owner": "NixOS",
        "repo": "nixpkgs",
        "rev": "7241bcbb4f099a66aafca120d37c65e8dda32717",
        "type": "github"
      },
      "original": {
        "owner": "NixOS",
        "ref": "nixpkgs-unstable",
        "repo": "nixpkgs",
        "type": "github"
      }
    },
    "nixpkgs-tls-501": {
      "locked": {
        "lastModified": 1759945440,
        "narHash": "sha256-xR9Hx5KbM9daoPzaoAdrnQQkQKPPaQQl7ulZbe9lLKc=",
        "owner": "NixOS",
        "repo": "nixpkgs",
        "rev": "ac72a273c6022b0761c78a32837d71474d2875fa",
        "type": "github"
      },
      "original": {
        "owner": "NixOS",
        "repo": "nixpkgs",
        "rev": "ac72a273c6022b0761c78a32837d71474d2875fa",
        "type": "github"
      }
    },
    "plasma-manager": {
      "inputs": {
        "home-manager": [
          "home-manager"
        ],
        "nixpkgs": [
          "nixpkgs"
        ]
      },
      "locked": {
        "lastModified": 1762115864,
        "narHash": "sha256-KREKZiBAkAnqJC+jvY+vSbLlrg8j6DFEU7Lv+tgOlHI=",
        "owner": "nix-community",
        "repo": "plasma-manager",
        "rev": "8e9e76efa3cc811c230512b40d8cfde06e40da5b",
        "type": "github"
      },
      "original": {
        "owner": "nix-community",
        "repo": "plasma-manager",
        "type": "github"
      }
    },
    "root": {
      "inputs": {
        "home-manager": "home-manager",
        "nixpkgs": "nixpkgs",
        "nixpkgs-tls-501": "nixpkgs-tls-501",
        "plasma-manager": "plasma-manager"
      }
    }
  },
  "root": "root",
  "version": 7
}
